// !$*UTF8*$!
{
	archiveVersion = 1;
	classes = {
	};
	objectVersion = 46;
	objects = {

/* Begin PBXBuildFile section */
		48A7ACCB2164176200ECAD4F /* AppDelegate.swift in Sources */ = {isa = PBXBuildFile; fileRef = 48A7ACCA2164176200ECAD4F /* AppDelegate.swift */; };
		48A7ACCD2164176200ECAD4F /* ViewController.swift in Sources */ = {isa = PBXBuildFile; fileRef = 48A7ACCC2164176200ECAD4F /* ViewController.swift */; };
		48A7ACD02164176200ECAD4F /* Main.storyboard in Resources */ = {isa = PBXBuildFile; fileRef = 48A7ACCE2164176200ECAD4F /* Main.storyboard */; };
		48A7ACD22164176300ECAD4F /* Assets.xcassets in Resources */ = {isa = PBXBuildFile; fileRef = 48A7ACD12164176300ECAD4F /* Assets.xcassets */; };
		48A7ACD52164176300ECAD4F /* LaunchScreen.storyboard in Resources */ = {isa = PBXBuildFile; fileRef = 48A7ACD32164176300ECAD4F /* LaunchScreen.storyboard */; };
		48A7ACDE216417C500ECAD4F /* libsqlite3.tbd in Frameworks */ = {isa = PBXBuildFile; fileRef = 48A7ACDD216417C500ECAD4F /* libsqlite3.tbd */; };
		48A7ACEC2164191200ECAD4F /* FMDatabase.m in Sources */ = {isa = PBXBuildFile; fileRef = 48A7ACE22164191200ECAD4F /* FMDatabase.m */; };
		48A7ACED2164191200ECAD4F /* FMResultSet.m in Sources */ = {isa = PBXBuildFile; fileRef = 48A7ACE42164191200ECAD4F /* FMResultSet.m */; };
		48A7ACEE2164191200ECAD4F /* FMDatabaseQueue.m in Sources */ = {isa = PBXBuildFile; fileRef = 48A7ACE62164191200ECAD4F /* FMDatabaseQueue.m */; };
		48A7ACEF2164191200ECAD4F /* FMDatabaseAdditions.m in Sources */ = {isa = PBXBuildFile; fileRef = 48A7ACE82164191200ECAD4F /* FMDatabaseAdditions.m */; };
		48A7ACF02164191200ECAD4F /* FMDatabasePool.m in Sources */ = {isa = PBXBuildFile; fileRef = 48A7ACEA2164191200ECAD4F /* FMDatabasePool.m */; };
		48A7ACF12164191200ECAD4F /* Info.plist in Resources */ = {isa = PBXBuildFile; fileRef = 48A7ACEB2164191200ECAD4F /* Info.plist */; };
/* End PBXBuildFile section */

/* Begin PBXFileReference section */
		48A7ACC72164176200ECAD4F /* DB.app */ = {isa = PBXFileReference; explicitFileType = wrapper.application; includeInIndex = 0; path = DB.app; sourceTree = BUILT_PRODUCTS_DIR; };
		48A7ACCA2164176200ECAD4F /* AppDelegate.swift */ = {isa = PBXFileReference; lastKnownFileType = sourcecode.swift; path = AppDelegate.swift; sourceTree = "<group>"; };
		48A7ACCC2164176200ECAD4F /* ViewController.swift */ = {isa = PBXFileReference; lastKnownFileType = sourcecode.swift; path = ViewController.swift; sourceTree = "<group>"; };
		48A7ACCF2164176200ECAD4F /* Base */ = {isa = PBXFileReference; lastKnownFileType = file.storyboard; name = Base; path = Base.lproj/Main.storyboard; sourceTree = "<group>"; };
		48A7ACD12164176300ECAD4F /* Assets.xcassets */ = {isa = PBXFileReference; lastKnownFileType = folder.assetcatalog; path = Assets.xcassets; sourceTree = "<group>"; };
		48A7ACD42164176300ECAD4F /* Base */ = {isa = PBXFileReference; lastKnownFileType = file.storyboard; name = Base; path = Base.lproj/LaunchScreen.storyboard; sourceTree = "<group>"; };
		48A7ACD62164176300ECAD4F /* Info.plist */ = {isa = PBXFileReference; lastKnownFileType = text.plist.xml; path = Info.plist; sourceTree = "<group>"; };
		48A7ACDD216417C500ECAD4F /* libsqlite3.tbd */ = {isa = PBXFileReference; lastKnownFileType = "sourcecode.text-based-dylib-definition"; name = libsqlite3.tbd; path = usr/lib/libsqlite3.tbd; sourceTree = SDKROOT; };
		48A7ACDF2164191100ECAD4F /* DB-Bridging-Header.h */ = {isa = PBXFileReference; lastKnownFileType = sourcecode.c.h; path = "DB-Bridging-Header.h"; sourceTree = "<group>"; };
		48A7ACE02164191200ECAD4F /* FMDB.h */ = {isa = PBXFileReference; fileEncoding = 4; lastKnownFileType = sourcecode.c.h; name = FMDB.h; path = ../../../../fmdb/src/fmdb/FMDB.h; sourceTree = "<group>"; };
		48A7ACE12164191200ECAD4F /* FMDatabase.h */ = {isa = PBXFileReference; fileEncoding = 4; lastKnownFileType = sourcecode.c.h; name = FMDatabase.h; path = ../../../../fmdb/src/fmdb/FMDatabase.h; sourceTree = "<group>"; };
		48A7ACE22164191200ECAD4F /* FMDatabase.m */ = {isa = PBXFileReference; fileEncoding = 4; lastKnownFileType = sourcecode.c.objc; name = FMDatabase.m; path = ../../../../fmdb/src/fmdb/FMDatabase.m; sourceTree = "<group>"; };
		48A7ACE32164191200ECAD4F /* FMResultSet.h */ = {isa = PBXFileReference; fileEncoding = 4; lastKnownFileType = sourcecode.c.h; name = FMResultSet.h; path = ../../../../fmdb/src/fmdb/FMResultSet.h; sourceTree = "<group>"; };
		48A7ACE42164191200ECAD4F /* FMResultSet.m */ = {isa = PBXFileReference; fileEncoding = 4; lastKnownFileType = sourcecode.c.objc; name = FMResultSet.m; path = ../../../../fmdb/src/fmdb/FMResultSet.m; sourceTree = "<group>"; };
		48A7ACE52164191200ECAD4F /* FMDatabaseQueue.h */ = {isa = PBXFileReference; fileEncoding = 4; lastKnownFileType = sourcecode.c.h; name = FMDatabaseQueue.h; path = ../../../../fmdb/src/fmdb/FMDatabaseQueue.h; sourceTree = "<group>"; };
		48A7ACE62164191200ECAD4F /* FMDatabaseQueue.m */ = {isa = PBXFileReference; fileEncoding = 4; lastKnownFileType = sourcecode.c.objc; name = FMDatabaseQueue.m; path = ../../../../fmdb/src/fmdb/FMDatabaseQueue.m; sourceTree = "<group>"; };
		48A7ACE72164191200ECAD4F /* FMDatabaseAdditions.h */ = {isa = PBXFileReference; fileEncoding = 4; lastKnownFileType = sourcecode.c.h; name = FMDatabaseAdditions.h; path = ../../../../fmdb/src/fmdb/FMDatabaseAdditions.h; sourceTree = "<group>"; };
		48A7ACE82164191200ECAD4F /* FMDatabaseAdditions.m */ = {isa = PBXFileReference; fileEncoding = 4; lastKnownFileType = sourcecode.c.objc; name = FMDatabaseAdditions.m; path = ../../../../fmdb/src/fmdb/FMDatabaseAdditions.m; sourceTree = "<group>"; };
		48A7ACE92164191200ECAD4F /* FMDatabasePool.h */ = {isa = PBXFileReference; fileEncoding = 4; lastKnownFileType = sourcecode.c.h; name = FMDatabasePool.h; path = ../../../../fmdb/src/fmdb/FMDatabasePool.h; sourceTree = "<group>"; };
		48A7ACEA2164191200ECAD4F /* FMDatabasePool.m */ = {isa = PBXFileReference; fileEncoding = 4; lastKnownFileType = sourcecode.c.objc; name = FMDatabasePool.m; path = ../../../../fmdb/src/fmdb/FMDatabasePool.m; sourceTree = "<group>"; };
		48A7ACEB2164191200ECAD4F /* Info.plist */ = {isa = PBXFileReference; fileEncoding = 4; lastKnownFileType = text.plist.xml; name = Info.plist; path = ../../../../fmdb/src/fmdb/Info.plist; sourceTree = "<group>"; };
/* End PBXFileReference section */

/* Begin PBXFrameworksBuildPhase section */
		48A7ACC42164176200ECAD4F /* Frameworks */ = {
			isa = PBXFrameworksBuildPhase;
			buildActionMask = 2147483647;
			files = (
				48A7ACDE216417C500ECAD4F /* libsqlite3.tbd in Frameworks */,
			);
			runOnlyForDeploymentPostprocessing = 0;
		};
/* End PBXFrameworksBuildPhase section */

/* Begin PBXGroup section */
		48A7ACBE2164176200ECAD4F = {
			isa = PBXGroup;
			children = (
				48A7ACC92164176200ECAD4F /* DB */,
				48A7ACC82164176200ECAD4F /* Products */,
				48A7ACDC216417C400ECAD4F /* Frameworks */,
			);
			sourceTree = "<group>";
		};
		48A7ACC82164176200ECAD4F /* Products */ = {
			isa = PBXGroup;
			children = (
				48A7ACC72164176200ECAD4F /* DB.app */,
			);
			name = Products;
			sourceTree = "<group>";
		};
		48A7ACC92164176200ECAD4F /* DB */ = {
			isa = PBXGroup;
			children = (
				48A7ACE02164191200ECAD4F /* FMDB.h */,
				48A7ACE12164191200ECAD4F /* FMDatabase.h */,
				48A7ACE22164191200ECAD4F /* FMDatabase.m */,
				48A7ACE32164191200ECAD4F /* FMResultSet.h */,
				48A7ACE42164191200ECAD4F /* FMResultSet.m */,
				48A7ACE52164191200ECAD4F /* FMDatabaseQueue.h */,
				48A7ACE62164191200ECAD4F /* FMDatabaseQueue.m */,
				48A7ACE72164191200ECAD4F /* FMDatabaseAdditions.h */,
				48A7ACE82164191200ECAD4F /* FMDatabaseAdditions.m */,
				48A7ACE92164191200ECAD4F /* FMDatabasePool.h */,
				48A7ACEA2164191200ECAD4F /* FMDatabasePool.m */,
				48A7ACEB2164191200ECAD4F /* Info.plist */,
				48A7ACCA2164176200ECAD4F /* AppDelegate.swift */,
				48A7ACCC2164176200ECAD4F /* ViewController.swift */,
				48A7ACCE2164176200ECAD4F /* Main.storyboard */,
				48A7ACD12164176300ECAD4F /* Assets.xcassets */,
				48A7ACD32164176300ECAD4F /* LaunchScreen.storyboard */,
				48A7ACD62164176300ECAD4F /* Info.plist */,
				48A7ACDF2164191100ECAD4F /* DB-Bridging-Header.h */,
			);
			path = DB;
			sourceTree = "<group>";
		};
		48A7ACDC216417C400ECAD4F /* Frameworks */ = {
			isa = PBXGroup;
			children = (
				48A7ACDD216417C500ECAD4F /* libsqlite3.tbd */,
			);
			name = Frameworks;
			sourceTree = "<group>";
		};
/* End PBXGroup section */

/* Begin PBXNativeTarget section */
		48A7ACC62164176200ECAD4F /* DB */ = {
			isa = PBXNativeTarget;
			buildConfigurationList = 48A7ACD92164176300ECAD4F /* Build configuration list for PBXNativeTarget "DB" */;
			buildPhases = (
				48A7ACC32164176200ECAD4F /* Sources */,
				48A7ACC42164176200ECAD4F /* Frameworks */,
				48A7ACC52164176200ECAD4F /* Resources */,
			);
			buildRules = (
			);
			dependencies = (
			);
			name = DB;
			productName = DB;
			productReference = 48A7ACC72164176200ECAD4F /* DB.app */;
			productType = "com.apple.product-type.application";
		};
/* End PBXNativeTarget section */

/* Begin PBXProject section */
		48A7ACBF2164176200ECAD4F /* Project object */ = {
			isa = PBXProject;
			attributes = {
				LastSwiftUpdateCheck = 0830;
				LastUpgradeCheck = 0830;
				ORGANIZATIONNAME = "UABC IPhone";
				TargetAttributes = {
					48A7ACC62164176200ECAD4F = {
						CreatedOnToolsVersion = 8.3.3;
						LastSwiftMigration = 0830;
						ProvisioningStyle = Automatic;
					};
				};
			};
			buildConfigurationList = 48A7ACC22164176200ECAD4F /* Build configuration list for PBXProject "DB" */;
			compatibilityVersion = "Xcode 3.2";
			developmentRegion = English;
			hasScannedForEncodings = 0;
			knownRegions = (
				en,
				Base,
			);
			mainGroup = 48A7ACBE2164176200ECAD4F;
			productRefGroup = 48A7ACC82164176200ECAD4F /* Products */;
			projectDirPath = "";
			projectRoot = "";
			targets = (
				48A7ACC62164176200ECAD4F /* DB */,
			);
		};
/* End PBXProject section */

/* Begin PBXResourcesBuildPhase section */
		48A7ACC52164176200ECAD4F /* Resources */ = {
			isa = PBXResourcesBuildPhase;
			buildActionMask = 2147483647;
			files = (
				48A7ACF12164191200ECAD4F /* Info.plist in Resources */,
				48A7ACD52164176300ECAD4F /* LaunchScreen.storyboard in Resources */,
				48A7ACD22164176300ECAD4F /* Assets.xcassets in Resources */,
				48A7ACD02164176200ECAD4F /* Main.storyboard in Resources */,
			);
			runOnlyForDeploymentPostprocessing = 0;
		};
/* End PBXResourcesBuildPhase section */

/* Begin PBXSourcesBuildPhase section */
		48A7ACC32164176200ECAD4F /* Sources */ = {
			isa = PBXSourcesBuildPhase;
			buildActionMask = 2147483647;
			files = (
				48A7ACEE2164191200ECAD4F /* FMDatabaseQueue.m in Sources */,
				48A7ACEC2164191200ECAD4F /* FMDatabase.m in Sources */,
				48A7ACCD2164176200ECAD4F /* ViewController.swift in Sources */,
				48A7ACED2164191200ECAD4F /* FMResultSet.m in Sources */,
				48A7ACF02164191200ECAD4F /* FMDatabasePool.m in Sources */,
				48A7ACCB2164176200ECAD4F /* AppDelegate.swift in Sources */,
				48A7ACEF2164191200ECAD4F /* FMDatabaseAdditions.m in Sources */,
			);
			runOnlyForDeploymentPostprocessing = 0;
		};
/* End PBXSourcesBuildPhase section */

/* Begin PBXVariantGroup section */
		48A7ACCE2164176200ECAD4F /* Main.storyboard */ = {
			isa = PBXVariantGroup;
			children = (
				48A7ACCF2164176200ECAD4F /* Base */,
			);
			name = Main.storyboard;
			sourceTree = "<group>";
		};
		48A7ACD32164176300ECAD4F /* LaunchScreen.storyboard */ = {
			isa = PBXVariantGroup;
			children = (
				48A7ACD42164176300ECAD4F /* Base */,
			);
			name = LaunchScreen.storyboard;
			sourceTree = "<group>";
		};
/* End PBXVariantGroup section */

/* Begin XCBuildConfiguration section */
		48A7ACD72164176300ECAD4F /* Debug */ = {
			isa = XCBuildConfiguration;
			buildSettings = {
				ALWAYS_SEARCH_USER_PATHS = NO;
				CLANG_ANALYZER_NONNULL = YES;
				CLANG_ANALYZER_NUMBER_OBJECT_CONVERSION = YES_AGGRESSIVE;
				CLANG_CXX_LANGUAGE_STANDARD = "gnu++0x";
				CLANG_CXX_LIBRARY = "libc++";
				CLANG_ENABLE_MODULES = YES;
				CLANG_ENABLE_OBJC_ARC = YES;
				CLANG_WARN_BOOL_CONVERSION = YES;
				CLANG_WARN_CONSTANT_CONVERSION = YES;
				CLANG_WARN_DIRECT_OBJC_ISA_USAGE = YES_ERROR;
				CLANG_WARN_DOCUMENTATION_COMMENTS = YES;
				CLANG_WARN_EMPTY_BODY = YES;
				CLANG_WARN_ENUM_CONVERSION = YES;
				CLANG_WARN_INFINITE_RECURSION = YES;
				CLANG_WARN_INT_CONVERSION = YES;
				CLANG_WARN_OBJC_ROOT_CLASS = YES_ERROR;
				CLANG_WARN_SUSPICIOUS_MOVE = YES;
				CLANG_WARN_UNREACHABLE_CODE = YES;
				CLANG_WARN__DUPLICATE_METHOD_MATCH = YES;
				"CODE_SIGN_IDENTITY[sdk=iphoneos*]" = "iPhone Developer";
				COPY_PHASE_STRIP = NO;
				DEBUG_INFORMATION_FORMAT = dwarf;
				ENABLE_STRICT_OBJC_MSGSEND = YES;
				ENABLE_TESTABILITY = YES;
				GCC_C_LANGUAGE_STANDARD = gnu99;
				GCC_DYNAMIC_NO_PIC = NO;
				GCC_NO_COMMON_BLOCKS = YES;
				GCC_OPTIMIZATION_LEVEL = 0;
				GCC_PREPROCESSOR_DEFINITIONS = (
					"DEBUG=1",
					"$(inherited)",
				);
				GCC_WARN_64_TO_32_BIT_CONVERSION = YES;
				GCC_WARN_ABOUT_RETURN_TYPE = YES_ERROR;
				GCC_WARN_UNDECLARED_SELECTOR = YES;
				GCC_WARN_UNINITIALIZED_AUTOS = YES_AGGRESSIVE;
				GCC_WARN_UNUSED_FUNCTION = YES;
				GCC_WARN_UNUSED_VARIABLE = YES;
				IPHONEOS_DEPLOYMENT_TARGET = 10.3;
				MTL_ENABLE_DEBUG_INFO = YES;
				ONLY_ACTIVE_ARCH = YES;
				SDKROOT = iphoneos;
				SWIFT_ACTIVE_COMPILATION_CONDITIONS = DEBUG;
				SWIFT_OPTIMIZATION_LEVEL = "-Onone";
				TARGETED_DEVICE_FAMILY = "1,2";
			};
			name = Debug;
		};
		48A7ACD82164176300ECAD4F /* Release */ = {
			isa = XCBuildConfiguration;
			buildSettings = {
				ALWAYS_SEARCH_USER_PATHS = NO;
				CLANG_ANALYZER_NONNULL = YES;
				CLANG_ANALYZER_NUMBER_OBJECT_CONVERSION = YES_AGGRESSIVE;
				CLANG_CXX_LANGUAGE_STANDARD = "gnu++0x";
				CLANG_CXX_LIBRARY = "libc++";
				CLANG_ENABLE_MODULES = YES;
				CLANG_ENABLE_OBJC_ARC = YES;
				CLANG_WARN_BOOL_CONVERSION = YES;
				CLANG_WARN_CONSTANT_CONVERSION = YES;
				CLANG_WARN_DIRECT_OBJC_ISA_USAGE = YES_ERROR;
				CLANG_WARN_DOCUMENTATION_COMMENTS = YES;
				CLANG_WARN_EMPTY_BODY = YES;
				CLANG_WARN_ENUM_CONVERSION = YES;
				CLANG_WARN_INFINITE_RECURSION = YES;
				CLANG_WARN_INT_CONVERSION = YES;
				CLANG_WARN_OBJC_ROOT_CLASS = YES_ERROR;
				CLANG_WARN_SUSPICIOUS_MOVE = YES;
				CLANG_WARN_UNREACHABLE_CODE = YES;
				CLANG_WARN__DUPLICATE_METHOD_MATCH = YES;
				"CODE_SIGN_IDENTITY[sdk=iphoneos*]" = "iPhone Developer";
				COPY_PHASE_STRIP = NO;
				DEBUG_INFORMATION_FORMAT = "dwarf-with-dsym";
				ENABLE_NS_ASSERTIONS = NO;
				ENABLE_STRICT_OBJC_MSGSEND = YES;
				GCC_C_LANGUAGE_STANDARD = gnu99;
				GCC_NO_COMMON_BLOCKS = YES;
				GCC_WARN_64_TO_32_BIT_CONVERSION = YES;
				GCC_WARN_ABOUT_RETURN_TYPE = YES_ERROR;
				GCC_WARN_UNDECLARED_SELECTOR = YES;
				GCC_WARN_UNINITIALIZED_AUTOS = YES_AGGRESSIVE;
				GCC_WARN_UNUSED_FUNCTION = YES;
				GCC_WARN_UNUSED_VARIABLE = YES;
				IPHONEOS_DEPLOYMENT_TARGET = 10.3;
				MTL_ENABLE_DEBUG_INFO = NO;
				SDKROOT = iphoneos;
				SWIFT_OPTIMIZATION_LEVEL = "-Owholemodule";
				TARGETED_DEVICE_FAMILY = "1,2";
				VALIDATE_PRODUCT = YES;
			};
			name = Release;
		};
		48A7ACDA2164176300ECAD4F /* Debug */ = {
			isa = XCBuildConfiguration;
			buildSettings = {
				ASSETCATALOG_COMPILER_APPICON_NAME = AppIcon;
				CLANG_ENABLE_MODULES = YES;
				INFOPLIST_FILE = DB/Info.plist;
				LD_RUNPATH_SEARCH_PATHS = "$(inherited) @executable_path/Frameworks";
				PRODUCT_BUNDLE_IDENTIFIER = com.uabcIC.DB;
				PRODUCT_NAME = "$(TARGET_NAME)";
				SWIFT_OBJC_BRIDGING_HEADER = "DB/DB-Bridging-Header.h";
				SWIFT_OPTIMIZATION_LEVEL = "-Onone";
				SWIFT_VERSION = 3.0;
			};
			name = Debug;
		};
		48A7ACDB2164176300ECAD4F /* Release */ = {
			isa = XCBuildConfiguration;
			buildSettings = {
				ASSETCATALOG_COMPILER_APPICON_NAME = AppIcon;
				CLANG_ENABLE_MODULES = YES;
				INFOPLIST_FILE = DB/Info.plist;
				LD_RUNPATH_SEARCH_PATHS = "$(inherited) @executable_path/Frameworks";
				PRODUCT_BUNDLE_IDENTIFIER = com.uabcIC.DB;
				PRODUCT_NAME = "$(TARGET_NAME)";
				SWIFT_OBJC_BRIDGING_HEADER = "DB/DB-Bridging-Header.h";
				SWIFT_VERSION = 3.0;
			};
			name = Release;
		};
/* End XCBuildConfiguration section */

/* Begin XCConfigurationList section */
		48A7ACC22164176200ECAD4F /* Build configuration list for PBXProject "DB" */ = {
			isa = XCConfigurationList;
			buildConfigurations = (
				48A7ACD72164176300ECAD4F /* Debug */,
				48A7ACD82164176300ECAD4F /* Release */,
			);
			defaultConfigurationIsVisible = 0;
			defaultConfigurationName = Release;
		};
		48A7ACD92164176300ECAD4F /* Build configuration list for PBXNativeTarget "DB" */ = {
			isa = XCConfigurationList;
			buildConfigurations = (
				48A7ACDA2164176300ECAD4F /* Debug */,
				48A7ACDB2164176300ECAD4F /* Release */,
			);
			defaultConfigurationIsVisible = 0;
		};
/* End XCConfigurationList section */
	};
	rootObject = 48A7ACBF2164176200ECAD4F /* Project object */;
}
